{
  "name": "lab-bugsnag",
  "version": "1.0.0",
  "lockfileVersion": 2,
  "requires": true,
  "packages": {
    "": {
      "name": "lab-bugsnag",
      "version": "1.0.0",
      "license": "ISC",
      "dependencies": {
        "@bugsnag/js": "^7.11.0"
      },
      "devDependencies": {
        "@types/bugsnag": "^3.1.0"
      }
    },
    "node_modules/@bugsnag/browser": {
      "version": "7.11.0",
      "resolved": "https://registry.npmjs.org/@bugsnag/browser/-/browser-7.11.0.tgz",
      "integrity": "sha512-iOKXJcZzdl9XsjJnL62S+T4OQZJ21mUMCXXOiMRlLnDCrw30BwD4BoAZ5s3oQ0VE0azrv/CUsXQzU63NUcsb+Q==",
      "dependencies": {
        "@bugsnag/core": "^7.11.0"
      }
    },
    "node_modules/@bugsnag/core": {
      "version": "7.11.0",
      "resolved": "https://registry.npmjs.org/@bugsnag/core/-/core-7.11.0.tgz",
      "integrity": "sha512-xCaaONqQEAewifrvHC8v+yqN+Is4WNUcmK+sdeLcSb+ghLQ52y3BQ9nEDYzQxGuJRpv1zW3edCVIB4RN5eunSQ==",
      "dependencies": {
        "@bugsnag/cuid": "^3.0.0",
        "@bugsnag/safe-json-stringify": "^6.0.0",
        "error-stack-parser": "^2.0.3",
        "iserror": "0.0.2",
        "stack-generator": "^2.0.3"
      }
    },
    "node_modules/@bugsnag/cuid": {
      "version": "3.0.0",
      "resolved": "https://registry.npmjs.org/@bugsnag/cuid/-/cuid-3.0.0.tgz",
      "integrity": "sha512-LOt8aaBI+KvOQGneBtpuCz3YqzyEAehd1f3nC5yr9TIYW1+IzYKa2xWS4EiMz5pPOnRPHkyyS5t/wmSmN51Gjg=="
    },
    "node_modules/@bugsnag/js": {
      "version": "7.11.0",
      "resolved": "https://registry.npmjs.org/@bugsnag/js/-/js-7.11.0.tgz",
      "integrity": "sha512-2KQZdiBUQRayrTweMrH8LuT+YFcZSYxPVb+RaAx5J1z3vWWFar7Lw3II34zA4e+zs/7wMSTKll5p+O7Wuz60/A==",
      "dependencies": {
        "@bugsnag/browser": "^7.11.0",
        "@bugsnag/node": "^7.11.0"
      }
    },
    "node_modules/@bugsnag/node": {
      "version": "7.11.0",
      "resolved": "https://registry.npmjs.org/@bugsnag/node/-/node-7.11.0.tgz",
      "integrity": "sha512-hwIG7LTE2lwaIjAes1JxYbjSoih9Eu07MSf+QJoMILY6tJoHMgxJ6v0/8AfldJeEAb753qBtlQLO8Rtr2LKHBA==",
      "dependencies": {
        "@bugsnag/core": "^7.11.0",
        "byline": "^5.0.0",
        "error-stack-parser": "^2.0.2",
        "iserror": "^0.0.2",
        "pump": "^3.0.0",
        "stack-generator": "^2.0.3"
      }
    },
    "node_modules/@bugsnag/safe-json-stringify": {
      "version": "6.0.0",
      "resolved": "https://registry.npmjs.org/@bugsnag/safe-json-stringify/-/safe-json-stringify-6.0.0.tgz",
      "integrity": "sha512-htzFO1Zc57S8kgdRK9mLcPVTW1BY2ijfH7Dk2CeZmspTWKdKqSo1iwmqrq2WtRjFlo8aRZYgLX0wFrDXF/9DLA=="
    },
    "node_modules/@types/bugsnag": {
      "version": "3.1.0",
      "resolved": "https://registry.npmjs.org/@types/bugsnag/-/bugsnag-3.1.0.tgz",
      "integrity": "sha512-oTDG6c4/a3zR6aQt77HLH+Bt8y+hvzVFF19Qf4SYx43tptktV5ewrLNKEdhLTR6/AhUyAdOyr5HqBgIDyXAlfg==",
      "deprecated": "This is a stub types definition. bugsnag-js provides its own type definitions, so you do not need this installed.",
      "dev": true,
      "dependencies": {
        "bugsnag-js": "*"
      }
    },
    "node_modules/browserify-versionify": {
      "version": "1.0.6",
      "resolved": "https://registry.npmjs.org/browserify-versionify/-/browserify-versionify-1.0.6.tgz",
      "integrity": "sha1-qy3GHWoRnmJ77Eh1mNGYO3/bJ14=",
      "dev": true,
      "dependencies": {
        "find-root": "^0.1.1",
        "through2": "0.6.3"
      }
    },
    "node_modules/bugsnag-js": {
      "version": "4.7.3",
      "resolved": "https://registry.npmjs.org/bugsnag-js/-/bugsnag-js-4.7.3.tgz",
      "integrity": "sha512-j9n6E45y8R0hx4A2IGkbOIEsDwRzZlhe+rtCfFo6RE6DgmTezeia+kqUMb4iitkSCZjEBMAPGhAe1l3vXfwbqQ==",
      "deprecated": "All projects should upgrade to our universal JS notifier: \"@bugsnag/js\". See https://github.com/bugsnag/bugsnag-js/blob/master/UPGRADING.md for more details.",
      "dev": true,
      "dependencies": {
        "@bugsnag/cuid": "^3.0.0",
        "@bugsnag/safe-json-stringify": "^2.1.0",
        "browserify-versionify": "^1.0.6",
        "error-stack-parser": "^2.0.2",
        "iserror": "0.0.2",
        "stack-generator": "^2.0.3"
      }
    },
    "node_modules/bugsnag-js/node_modules/@bugsnag/safe-json-stringify": {
      "version": "2.1.0",
      "resolved": "https://registry.npmjs.org/@bugsnag/safe-json-stringify/-/safe-json-stringify-2.1.0.tgz",
      "integrity": "sha512-tE2cPhAq+WFnA9XrfMfP+u/6L63eH7+PmONMNSXtP6kPt/iUXnwkDsxc1Q6lUP1oM3LsmWBrxn+/93M8JE6fpA==",
      "dev": true
    },
    "node_modules/byline": {
      "version": "5.0.0",
      "resolved": "https://registry.npmjs.org/byline/-/byline-5.0.0.tgz",
      "integrity": "sha1-dBxSFkaOrcRXsDQQEYrXfejB3bE=",
      "engines": {
        "node": ">=0.10.0"
      }
    },
    "node_modules/core-util-is": {
      "version": "1.0.3",
      "resolved": "https://registry.npmjs.org/core-util-is/-/core-util-is-1.0.3.tgz",
      "integrity": "sha512-ZQBvi1DcpJ4GDqanjucZ2Hj3wEO5pZDS89BWbkcrvdxksJorwUDDZamX9ldFkp9aw2lmBDLgkObEA4DWNJ9FYQ==",
      "dev": true
    },
    "node_modules/end-of-stream": {
      "version": "1.4.4",
      "resolved": "https://registry.npmjs.org/end-of-stream/-/end-of-stream-1.4.4.tgz",
      "integrity": "sha512-+uw1inIHVPQoaVuHzRyXd21icM+cnt4CzD5rW+NC1wjOUSTOs+Te7FOv7AhN7vS9x/oIyhLP5PR1H+phQAHu5Q==",
      "dependencies": {
        "once": "^1.4.0"
      }
    },
    "node_modules/error-stack-parser": {
      "version": "2.0.6",
      "resolved": "https://registry.npmjs.org/error-stack-parser/-/error-stack-parser-2.0.6.tgz",
      "integrity": "sha512-d51brTeqC+BHlwF0BhPtcYgF5nlzf9ZZ0ZIUQNZpc9ZB9qw5IJ2diTrBY9jlCJkTLITYPjmiX6OWCwH+fuyNgQ==",
      "dependencies": {
        "stackframe": "^1.1.1"
      }
    },
    "node_modules/find-root": {
      "version": "0.1.2",
      "resolved": "https://registry.npmjs.org/find-root/-/find-root-0.1.2.tgz",
      "integrity": "sha1-mNImfP8ZFsyvJ0OzoO6oHXnX3NE=",
      "dev": true
    },
    "node_modules/inherits": {
      "version": "2.0.4",
      "resolved": "https://registry.npmjs.org/inherits/-/inherits-2.0.4.tgz",
      "integrity": "sha512-k/vGaX4/Yla3WzyMCvTQOXYeIHvqOKtnqBduzTHpzpQZzAskKMhZ2K+EnBiSM9zGSoIFeMpXKxa4dYeZIQqewQ==",
      "dev": true
    },
    "node_modules/isarray": {
      "version": "0.0.1",
      "resolved": "https://registry.npmjs.org/isarray/-/isarray-0.0.1.tgz",
      "integrity": "sha1-ihis/Kmo9Bd+Cav8YDiTmwXR7t8=",
      "dev": true
    },
    "node_modules/iserror": {
      "version": "0.0.2",
      "resolved": "https://registry.npmjs.org/iserror/-/iserror-0.0.2.tgz",
      "integrity": "sha1-vVNFH+L2aLnyQCwZZnh6qix8C/U="
    },
    "node_modules/once": {
      "version": "1.4.0",
      "resolved": "https://registry.npmjs.org/once/-/once-1.4.0.tgz",
      "integrity": "sha1-WDsap3WWHUsROsF9nFC6753Xa9E=",
      "dependencies": {
        "wrappy": "1"
      }
    },
    "node_modules/pump": {
      "version": "3.0.0",
      "resolved": "https://registry.npmjs.org/pump/-/pump-3.0.0.tgz",
      "integrity": "sha512-LwZy+p3SFs1Pytd/jYct4wpv49HiYCqd9Rlc5ZVdk0V+8Yzv6jR5Blk3TRmPL1ft69TxP0IMZGJ+WPFU2BFhww==",
      "dependencies": {
        "end-of-stream": "^1.1.0",
        "once": "^1.3.1"
      }
    },
    "node_modules/readable-stream": {
      "version": "1.0.34",
      "resolved": "https://registry.npmjs.org/readable-stream/-/readable-stream-1.0.34.tgz",
      "integrity": "sha1-Elgg40vIQtLyqq+v5MKRbuMsFXw=",
      "dev": true,
      "dependencies": {
        "core-util-is": "~1.0.0",
        "inherits": "~2.0.1",
        "isarray": "0.0.1",
        "string_decoder": "~0.10.x"
      }
    },
    "node_modules/stack-generator": {
      "version": "2.0.5",
      "resolved": "https://registry.npmjs.org/stack-generator/-/stack-generator-2.0.5.tgz",
      "integrity": "sha512-/t1ebrbHkrLrDuNMdeAcsvynWgoH/i4o8EGGfX7dEYDoTXOYVAkEpFdtshlvabzc6JlJ8Kf9YdFEoz7JkzGN9Q==",
      "dependencies": {
        "stackframe": "^1.1.1"
      }
    },
    "node_modules/stackframe": {
      "version": "1.2.0",
      "resolved": "https://registry.npmjs.org/stackframe/-/stackframe-1.2.0.tgz",
      "integrity": "sha512-GrdeshiRmS1YLMYgzF16olf2jJ/IzxXY9lhKOskuVziubpTYcYqyOwYeJKzQkwy7uN0fYSsbsC4RQaXf9LCrYA=="
    },
    "node_modules/string_decoder": {
      "version": "0.10.31",
      "resolved": "https://registry.npmjs.org/string_decoder/-/string_decoder-0.10.31.tgz",
      "integrity": "sha1-YuIDvEF2bGwoyfyEMB2rHFMQ+pQ=",
      "dev": true
    },
    "node_modules/through2": {
      "version": "0.6.3",
      "resolved": "https://registry.npmjs.org/through2/-/through2-0.6.3.tgz",
      "integrity": "sha1-eVKS/enyVMKjaLOPnMXRvUZjr7Y=",
      "dev": true,
      "dependencies": {
        "readable-stream": ">=1.0.33-1 <1.1.0-0",
        "xtend": ">=4.0.0 <4.1.0-0"
      }
    },
    "node_modules/wrappy": {
      "version": "1.0.2",
      "resolved": "https://registry.npmjs.org/wrappy/-/wrappy-1.0.2.tgz",
      "integrity": "sha1-tSQ9jz7BqjXxNkYFvA0QNuMKtp8="
    },
    "node_modules/xtend": {
      "version": "4.0.2",
      "resolved": "https://registry.npmjs.org/xtend/-/xtend-4.0.2.tgz",
      "integrity": "sha512-LKYU1iAXJXUgAXn9URjiu+MWhyUXHsvfp7mcuYm9dSUKK0/CjtrUwFAxD82/mCWbtLsGjFIad0wIsod4zrTAEQ==",
      "dev": true,
      "engines": {
        "node": ">=0.4"
      }
    }
  },
  "dependencies": {
    "@bugsnag/browser": {
      "version": "7.11.0",
      "resolved": "https://registry.npmjs.org/@bugsnag/browser/-/browser-7.11.0.tgz",
      "integrity": "sha512-iOKXJcZzdl9XsjJnL62S+T4OQZJ21mUMCXXOiMRlLnDCrw30BwD4BoAZ5s3oQ0VE0azrv/CUsXQzU63NUcsb+Q==",
      "requires": {
        "@bugsnag/core": "^7.11.0"
      }
    },
    "@bugsnag/core": {
      "version": "7.11.0",
      "resolved": "https://registry.npmjs.org/@bugsnag/core/-/core-7.11.0.tgz",
      "integrity": "sha512-xCaaONqQEAewifrvHC8v+yqN+Is4WNUcmK+sdeLcSb+ghLQ52y3BQ9nEDYzQxGuJRpv1zW3edCVIB4RN5eunSQ==",
      "requires": {
        "@bugsnag/cuid": "^3.0.0",
        "@bugsnag/safe-json-stringify": "^6.0.0",
        "error-stack-parser": "^2.0.3",
        "iserror": "0.0.2",
        "stack-generator": "^2.0.3"
      }
    },
    "@bugsnag/cuid": {
      "version": "3.0.0",
      "resolved": "https://registry.npmjs.org/@bugsnag/cuid/-/cuid-3.0.0.tgz",
      "integrity": "sha512-LOt8aaBI+KvOQGneBtpuCz3YqzyEAehd1f3nC5yr9TIYW1+IzYKa2xWS4EiMz5pPOnRPHkyyS5t/wmSmN51Gjg=="
    },
    "@bugsnag/js": {
      "version": "7.11.0",
      "resolved": "https://registry.npmjs.org/@bugsnag/js/-/js-7.11.0.tgz",
      "integrity": "sha512-2KQZdiBUQRayrTweMrH8LuT+YFcZSYxPVb+RaAx5J1z3vWWFar7Lw3II34zA4e+zs/7wMSTKll5p+O7Wuz60/A==",
      "requires": {
        "@bugsnag/browser": "^7.11.0",
        "@bugsnag/node": "^7.11.0"
      }
    },
    "@bugsnag/node": {
      "version": "7.11.0",
      "resolved": "https://registry.npmjs.org/@bugsnag/node/-/node-7.11.0.tgz",
      "integrity": "sha512-hwIG7LTE2lwaIjAes1JxYbjSoih9Eu07MSf+QJoMILY6tJoHMgxJ6v0/8AfldJeEAb753qBtlQLO8Rtr2LKHBA==",
      "requires": {
        "@bugsnag/core": "^7.11.0",
        "byline": "^5.0.0",
        "error-stack-parser": "^2.0.2",
        "iserror": "^0.0.2",
        "pump": "^3.0.0",
        "stack-generator": "^2.0.3"
      }
    },
    "@bugsnag/safe-json-stringify": {
      "version": "6.0.0",
      "resolved": "https://registry.npmjs.org/@bugsnag/safe-json-stringify/-/safe-json-stringify-6.0.0.tgz",
      "integrity": "sha512-htzFO1Zc57S8kgdRK9mLcPVTW1BY2ijfH7Dk2CeZmspTWKdKqSo1iwmqrq2WtRjFlo8aRZYgLX0wFrDXF/9DLA=="
    },
    "@types/bugsnag": {
      "version": "3.1.0",
      "resolved": "https://registry.npmjs.org/@types/bugsnag/-/bugsnag-3.1.0.tgz",
      "integrity": "sha512-oTDG6c4/a3zR6aQt77HLH+Bt8y+hvzVFF19Qf4SYx43tptktV5ewrLNKEdhLTR6/AhUyAdOyr5HqBgIDyXAlfg==",
      "dev": true,
      "requires": {
        "bugsnag-js": "*"
      }
    },
    "browserify-versionify": {
      "version": "1.0.6",
      "resolved": "https://registry.npmjs.org/browserify-versionify/-/browserify-versionify-1.0.6.tgz",
      "integrity": "sha1-qy3GHWoRnmJ77Eh1mNGYO3/bJ14=",
      "dev": true,
      "requires": {
        "find-root": "^0.1.1",
        "through2": "0.6.3"
      }
    },
    "bugsnag-js": {
      "version": "4.7.3",
      "resolved": "https://registry.npmjs.org/bugsnag-js/-/bugsnag-js-4.7.3.tgz",
      "integrity": "sha512-j9n6E45y8R0hx4A2IGkbOIEsDwRzZlhe+rtCfFo6RE6DgmTezeia+kqUMb4iitkSCZjEBMAPGhAe1l3vXfwbqQ==",
      "dev": true,
      "requires": {
        "@bugsnag/cuid": "^3.0.0",
        "@bugsnag/safe-json-stringify": "^2.1.0",
        "browserify-versionify": "^1.0.6",
        "error-stack-parser": "^2.0.2",
        "iserror": "0.0.2",
        "stack-generator": "^2.0.3"
      },
      "dependencies": {
        "@bugsnag/safe-json-stringify": {
          "version": "2.1.0",
          "resolved": "https://registry.npmjs.org/@bugsnag/safe-json-stringify/-/safe-json-stringify-2.1.0.tgz",
          "integrity": "sha512-tE2cPhAq+WFnA9XrfMfP+u/6L63eH7+PmONMNSXtP6kPt/iUXnwkDsxc1Q6lUP1oM3LsmWBrxn+/93M8JE6fpA==",
          "dev": true
        }
      }
    },
    "byline": {
      "version": "5.0.0",
      "resolved": "https://registry.npmjs.org/byline/-/byline-5.0.0.tgz",
      "integrity": "sha1-dBxSFkaOrcRXsDQQEYrXfejB3bE="
    },
    "core-util-is": {
      "version": "1.0.3",
      "resolved": "https://registry.npmjs.org/core-util-is/-/core-util-is-1.0.3.tgz",
      "integrity": "sha512-ZQBvi1DcpJ4GDqanjucZ2Hj3wEO5pZDS89BWbkcrvdxksJorwUDDZamX9ldFkp9aw2lmBDLgkObEA4DWNJ9FYQ==",
      "dev": true
    },
    "end-of-stream": {
      "version": "1.4.4",
      "resolved": "https://registry.npmjs.org/end-of-stream/-/end-of-stream-1.4.4.tgz",
      "integrity": "sha512-+uw1inIHVPQoaVuHzRyXd21icM+cnt4CzD5rW+NC1wjOUSTOs+Te7FOv7AhN7vS9x/oIyhLP5PR1H+phQAHu5Q==",
      "requires": {
        "once": "^1.4.0"
      }
    },
    "error-stack-parser": {
      "version": "2.0.6",
      "resolved": "https://registry.npmjs.org/error-stack-parser/-/error-stack-parser-2.0.6.tgz",
      "integrity": "sha512-d51brTeqC+BHlwF0BhPtcYgF5nlzf9ZZ0ZIUQNZpc9ZB9qw5IJ2diTrBY9jlCJkTLITYPjmiX6OWCwH+fuyNgQ==",
      "requires": {
        "stackframe": "^1.1.1"
      }
    },
    "find-root": {
      "version": "0.1.2",
      "resolved": "https://registry.npmjs.org/find-root/-/find-root-0.1.2.tgz",
      "integrity": "sha1-mNImfP8ZFsyvJ0OzoO6oHXnX3NE=",
      "dev": true
    },
    "inherits": {
      "version": "2.0.4",
      "resolved": "https://registry.npmjs.org/inherits/-/inherits-2.0.4.tgz",
      "integrity": "sha512-k/vGaX4/Yla3WzyMCvTQOXYeIHvqOKtnqBduzTHpzpQZzAskKMhZ2K+EnBiSM9zGSoIFeMpXKxa4dYeZIQqewQ==",
      "dev": true
    },
    "isarray": {
      "version": "0.0.1",
      "resolved": "https://registry.npmjs.org/isarray/-/isarray-0.0.1.tgz",
      "integrity": "sha1-ihis/Kmo9Bd+Cav8YDiTmwXR7t8=",
      "dev": true
    },
    "iserror": {
      "version": "0.0.2",
      "resolved": "https://registry.npmjs.org/iserror/-/iserror-0.0.2.tgz",
      "integrity": "sha1-vVNFH+L2aLnyQCwZZnh6qix8C/U="
    },
    "once": {
      "version": "1.4.0",
      "resolved": "https://registry.npmjs.org/once/-/once-1.4.0.tgz",
      "integrity": "sha1-WDsap3WWHUsROsF9nFC6753Xa9E=",
      "requires": {
        "wrappy": "1"
      }
    },
    "pump": {
      "version": "3.0.0",
      "resolved": "https://registry.npmjs.org/pump/-/pump-3.0.0.tgz",
      "integrity": "sha512-LwZy+p3SFs1Pytd/jYct4wpv49HiYCqd9Rlc5ZVdk0V+8Yzv6jR5Blk3TRmPL1ft69TxP0IMZGJ+WPFU2BFhww==",
      "requires": {
        "end-of-stream": "^1.1.0",
        "once": "^1.3.1"
      }
    },
    "readable-stream": {
      "version": "1.0.34",
      "resolved": "https://registry.npmjs.org/readable-stream/-/readable-stream-1.0.34.tgz",
      "integrity": "sha1-Elgg40vIQtLyqq+v5MKRbuMsFXw=",
      "dev": true,
      "requires": {
        "core-util-is": "~1.0.0",
        "inherits": "~2.0.1",
        "isarray": "0.0.1",
        "string_decoder": "~0.10.x"
      }
    },
    "stack-generator": {
      "version": "2.0.5",
      "resolved": "https://registry.npmjs.org/stack-generator/-/stack-generator-2.0.5.tgz",
      "integrity": "sha512-/t1ebrbHkrLrDuNMdeAcsvynWgoH/i4o8EGGfX7dEYDoTXOYVAkEpFdtshlvabzc6JlJ8Kf9YdFEoz7JkzGN9Q==",
      "requires": {
        "stackframe": "^1.1.1"
      }
    },
    "stackframe": {
      "version": "1.2.0",
      "resolved": "https://registry.npmjs.org/stackframe/-/stackframe-1.2.0.tgz",
      "integrity": "sha512-GrdeshiRmS1YLMYgzF16olf2jJ/IzxXY9lhKOskuVziubpTYcYqyOwYeJKzQkwy7uN0fYSsbsC4RQaXf9LCrYA=="
    },
    "string_decoder": {
      "version": "0.10.31",
      "resolved": "https://registry.npmjs.org/string_decoder/-/string_decoder-0.10.31.tgz",
      "integrity": "sha1-YuIDvEF2bGwoyfyEMB2rHFMQ+pQ=",
      "dev": true
    },
    "through2": {
      "version": "0.6.3",
      "resolved": "https://registry.npmjs.org/through2/-/through2-0.6.3.tgz",
      "integrity": "sha1-eVKS/enyVMKjaLOPnMXRvUZjr7Y=",
      "dev": true,
      "requires": {
        "readable-stream": ">=1.0.33-1 <1.1.0-0",
        "xtend": ">=4.0.0 <4.1.0-0"
      }
    },
    "wrappy": {
      "version": "1.0.2",
      "resolved": "https://registry.npmjs.org/wrappy/-/wrappy-1.0.2.tgz",
      "integrity": "sha1-tSQ9jz7BqjXxNkYFvA0QNuMKtp8="
    },
    "xtend": {
      "version": "4.0.2",
      "resolved": "https://registry.npmjs.org/xtend/-/xtend-4.0.2.tgz",
      "integrity": "sha512-LKYU1iAXJXUgAXn9URjiu+MWhyUXHsvfp7mcuYm9dSUKK0/CjtrUwFAxD82/mCWbtLsGjFIad0wIsod4zrTAEQ==",
      "dev": true
    }
  }
}
